
Microsoft Visual Studio Solution File, Format Version 12.00
# Visual Studio Version 16
VisualStudioVersion = 16.0.30114.105
MinimumVisualStudioVersion = 10.0.40219.1
Project("{9A19103F-16F7-4668-BE54-9A1E7A4F7556}") = "HW02_01.Image", "hw_02\HW02_01.Image\HW02_01.Image.csproj", "{8367C38F-8A1A-4133-A22C-DFCADBCE6914}"
EndProject
Project("{9A19103F-16F7-4668-BE54-9A1E7A4F7556}") = "HW02_03.Casting", "hw_02\HW.03.Casting\HW02_03.Casting.csproj", "{5C33B69C-1A84-48F9-B915-247FBACF7CB1}"
EndProject
Project("{9A19103F-16F7-4668-BE54-9A1E7A4F7556}") = "HW02_04.Types", "hw_02\HW02_04.Types\HW02_04.Types.csproj", "{D0234BCD-C7BF-431F-98C0-617D6D9F6B2F}"
EndProject
Project("{9A19103F-16F7-4668-BE54-9A1E7A4F7556}") = "HW02_05.Quadratic.Formula", "hw_02\HW02_05.Quadratic.Formula\HW02_05.Quadratic.Formula.csproj", "{DFA3E48C-D6AD-403C-8948-E74A3E454823}"
EndProject
Project("{9A19103F-16F7-4668-BE54-9A1E7A4F7556}") = "HW03_01.Operators", "hw_03\HW03_01.Operators\HW03_01.Operators.csproj", "{EC66E484-64A8-435F-81E3-613F0F71DC97}"
EndProject
Project("{9A19103F-16F7-4668-BE54-9A1E7A4F7556}") = "HW03_05.Alphabet", "hw_03\HW03_05.Alphabet\HW03_05.Alphabet.csproj", "{C56D36F8-B91D-4CDF-9F76-0FB4A06D3C81}"
EndProject
Project("{9A19103F-16F7-4668-BE54-9A1E7A4F7556}") = "HW03_06.Movement", "hw_03\HW03_06.Movement\HW03_06.Movement.csproj", "{7962A2F1-099E-460C-BCBA-048030CDECB7}"
EndProject
Project("{9A19103F-16F7-4668-BE54-9A1E7A4F7556}") = "HW03_07.Birthday", "hw_03\HW03_07.Birthday\HW03_07.Birthday.csproj", "{BA5E3B90-5EB6-4E9C-9A46-5A7CF679109C}"
EndProject
Project("{9A19103F-16F7-4668-BE54-9A1E7A4F7556}") = "HW03_09.Calculator", "hw_03\HW03_09.Calculator\HW03_09.Calculator.csproj", "{43DEA6AA-A842-4665-9E8E-BE4E3D29387C}"
EndProject
Project("{9A19103F-16F7-4668-BE54-9A1E7A4F7556}") = "HW04_01", "hw_04\HW04_01\HW04_01.csproj", "{5DD3D572-E557-47D0-ACF9-626A7FC13809}"
EndProject
Project("{9A19103F-16F7-4668-BE54-9A1E7A4F7556}") = "HW04_02", "hw_04\HW04_02\HW04_02\HW04_02.csproj", "{2B63F4A5-577F-4A21-B893-D4C27612B2C1}"
EndProject
Project("{9A19103F-16F7-4668-BE54-9A1E7A4F7556}") = "HW04_03", "hw_04\HW04_03\HW04_03.csproj", "{90E7EFD9-E790-466B-9F79-54E7B169C14A}"
EndProject
Project("{9A19103F-16F7-4668-BE54-9A1E7A4F7556}") = "HW04_04", "hw_04\HW04_04\HW04_04.csproj", "{8250B19D-80D5-4E73-8C66-5B076B290D09}"
EndProject
Project("{9A19103F-16F7-4668-BE54-9A1E7A4F7556}") = "HW04_05", "hw_04\HW04_05\HW04_05.csproj", "{18DB7905-464C-4B19-9DA9-27D6668F0B10}"
EndProject
Project("{9A19103F-16F7-4668-BE54-9A1E7A4F7556}") = "HW05_01", "hw_05\HW05_01\HW05_01.csproj", "{5BEAF10A-6F52-417B-834A-C84839491E71}"
EndProject
Project("{9A19103F-16F7-4668-BE54-9A1E7A4F7556}") = "HW05_02", "hw_05\HW05_02\HW05_02.csproj", "{E4213ADC-41F4-42F8-8DC6-5DDF3B40F433}"
EndProject
Project("{9A19103F-16F7-4668-BE54-9A1E7A4F7556}") = "HW05_03", "hw_05\HW05_03\HW05_03.csproj", "{F443DB2B-3813-4F82-9432-4F3CAC7121BF}"
EndProject
Project("{9A19103F-16F7-4668-BE54-9A1E7A4F7556}") = "HW05_04", "hw_05\HW05_04\HW05_04.csproj", "{DD472075-7B1D-4A0A-BC4E-ADD48A4EEF22}"
EndProject
Project("{9A19103F-16F7-4668-BE54-9A1E7A4F7556}") = "AssemblyOne", "hw_06\AssemblyOne\AssemblyOne.csproj", "{6059EF5F-4288-40D0-BB43-CD137D7CDE20}"
EndProject
Project("{9A19103F-16F7-4668-BE54-9A1E7A4F7556}") = "AssemblyTwo", "hw_06\AssemblyTwo\AssemblyTwo.csproj", "{A3063808-AEDE-4725-AF5D-185FB112FC73}"
EndProject
Project("{9A19103F-16F7-4668-BE54-9A1E7A4F7556}") = "HW06__02", "hw_06\HW06__02\HW06__02.csproj", "{350E6D20-73FE-4D2A-984A-6529133A79A4}"
EndProject
Project("{9A19103F-16F7-4668-BE54-9A1E7A4F7556}") = "HW07_01", "hw_07\HW07_01\HW07_01.csproj", "{FF568DC6-B040-401E-AB04-24225AFEAA8C}"
EndProject
Project("{9A19103F-16F7-4668-BE54-9A1E7A4F7556}") = "HW07_02", "hw_07\HW07_02\HW07_02.csproj", "{A2B4FDF9-B536-409E-B700-0D2D17128789}"
EndProject
Project("{9A19103F-16F7-4668-BE54-9A1E7A4F7556}") = "HW07_03", "hw_07\HW07_03\HW07_03.csproj", "{011DBA98-7A47-4511-8B80-33619999126D}"
EndProject
Project("{9A19103F-16F7-4668-BE54-9A1E7A4F7556}") = "HW07_04.Booking.Com", "hw_07\HW07_04.Booking.Com\HW07_04.Booking.Com.csproj", "{BA53280A-DC8E-49D0-8B11-EDDEB63FF0E4}"
EndProject
Project("{9A19103F-16F7-4668-BE54-9A1E7A4F7556}") = "HW08_01", "hw_08\HW08_01\HW08_01.csproj", "{49F1C333-0783-4D5D-BB2A-2336D5F261DE}"
EndProject
Project("{9A19103F-16F7-4668-BE54-9A1E7A4F7556}") = "HW08_02", "hw_08\HW08_02\HW08_02.csproj", "{D25D77D3-E902-4195-9175-19E933DC9200}"
EndProject
Project("{FAE04EC0-301F-11D3-BF4B-00C04F79EFBC}") = "HW08_03", "hw_08\HW08_03\HW08_03.csproj", "{7C9C1986-D4C3-4752-923C-66F1A1BE41BE}"
EndProject
Global
	GlobalSection(SolutionConfigurationPlatforms) = preSolution
		Debug|Any CPU = Debug|Any CPU
		Debug|x64 = Debug|x64
		Debug|x86 = Debug|x86
		Release|Any CPU = Release|Any CPU
		Release|x64 = Release|x64
		Release|x86 = Release|x86
	EndGlobalSection
	GlobalSection(ProjectConfigurationPlatforms) = postSolution
		{8367C38F-8A1A-4133-A22C-DFCADBCE6914}.Debug|Any CPU.ActiveCfg = Debug|Any CPU
		{8367C38F-8A1A-4133-A22C-DFCADBCE6914}.Debug|Any CPU.Build.0 = Debug|Any CPU
		{8367C38F-8A1A-4133-A22C-DFCADBCE6914}.Debug|x64.ActiveCfg = Debug|Any CPU
		{8367C38F-8A1A-4133-A22C-DFCADBCE6914}.Debug|x64.Build.0 = Debug|Any CPU
		{8367C38F-8A1A-4133-A22C-DFCADBCE6914}.Debug|x86.ActiveCfg = Debug|Any CPU
		{8367C38F-8A1A-4133-A22C-DFCADBCE6914}.Debug|x86.Build.0 = Debug|Any CPU
		{8367C38F-8A1A-4133-A22C-DFCADBCE6914}.Release|Any CPU.ActiveCfg = Release|Any CPU
		{8367C38F-8A1A-4133-A22C-DFCADBCE6914}.Release|Any CPU.Build.0 = Release|Any CPU
		{8367C38F-8A1A-4133-A22C-DFCADBCE6914}.Release|x64.ActiveCfg = Release|Any CPU
		{8367C38F-8A1A-4133-A22C-DFCADBCE6914}.Release|x64.Build.0 = Release|Any CPU
		{8367C38F-8A1A-4133-A22C-DFCADBCE6914}.Release|x86.ActiveCfg = Release|Any CPU
		{8367C38F-8A1A-4133-A22C-DFCADBCE6914}.Release|x86.Build.0 = Release|Any CPU
		{5C33B69C-1A84-48F9-B915-247FBACF7CB1}.Debug|Any CPU.ActiveCfg = Debug|Any CPU
		{5C33B69C-1A84-48F9-B915-247FBACF7CB1}.Debug|Any CPU.Build.0 = Debug|Any CPU
		{5C33B69C-1A84-48F9-B915-247FBACF7CB1}.Debug|x64.ActiveCfg = Debug|Any CPU
		{5C33B69C-1A84-48F9-B915-247FBACF7CB1}.Debug|x64.Build.0 = Debug|Any CPU
		{5C33B69C-1A84-48F9-B915-247FBACF7CB1}.Debug|x86.ActiveCfg = Debug|Any CPU
		{5C33B69C-1A84-48F9-B915-247FBACF7CB1}.Debug|x86.Build.0 = Debug|Any CPU
		{5C33B69C-1A84-48F9-B915-247FBACF7CB1}.Release|Any CPU.ActiveCfg = Release|Any CPU
		{5C33B69C-1A84-48F9-B915-247FBACF7CB1}.Release|Any CPU.Build.0 = Release|Any CPU
		{5C33B69C-1A84-48F9-B915-247FBACF7CB1}.Release|x64.ActiveCfg = Release|Any CPU
		{5C33B69C-1A84-48F9-B915-247FBACF7CB1}.Release|x64.Build.0 = Release|Any CPU
		{5C33B69C-1A84-48F9-B915-247FBACF7CB1}.Release|x86.ActiveCfg = Release|Any CPU
		{5C33B69C-1A84-48F9-B915-247FBACF7CB1}.Release|x86.Build.0 = Release|Any CPU
		{D0234BCD-C7BF-431F-98C0-617D6D9F6B2F}.Debug|Any CPU.ActiveCfg = Debug|Any CPU
		{D0234BCD-C7BF-431F-98C0-617D6D9F6B2F}.Debug|Any CPU.Build.0 = Debug|Any CPU
		{D0234BCD-C7BF-431F-98C0-617D6D9F6B2F}.Debug|x64.ActiveCfg = Debug|Any CPU
		{D0234BCD-C7BF-431F-98C0-617D6D9F6B2F}.Debug|x64.Build.0 = Debug|Any CPU
		{D0234BCD-C7BF-431F-98C0-617D6D9F6B2F}.Debug|x86.ActiveCfg = Debug|Any CPU
		{D0234BCD-C7BF-431F-98C0-617D6D9F6B2F}.Debug|x86.Build.0 = Debug|Any CPU
		{D0234BCD-C7BF-431F-98C0-617D6D9F6B2F}.Release|Any CPU.ActiveCfg = Release|Any CPU
		{D0234BCD-C7BF-431F-98C0-617D6D9F6B2F}.Release|Any CPU.Build.0 = Release|Any CPU
		{D0234BCD-C7BF-431F-98C0-617D6D9F6B2F}.Release|x64.ActiveCfg = Release|Any CPU
		{D0234BCD-C7BF-431F-98C0-617D6D9F6B2F}.Release|x64.Build.0 = Release|Any CPU
		{D0234BCD-C7BF-431F-98C0-617D6D9F6B2F}.Release|x86.ActiveCfg = Release|Any CPU
		{D0234BCD-C7BF-431F-98C0-617D6D9F6B2F}.Release|x86.Build.0 = Release|Any CPU
		{DFA3E48C-D6AD-403C-8948-E74A3E454823}.Debug|Any CPU.ActiveCfg = Debug|Any CPU
		{DFA3E48C-D6AD-403C-8948-E74A3E454823}.Debug|Any CPU.Build.0 = Debug|Any CPU
		{DFA3E48C-D6AD-403C-8948-E74A3E454823}.Debug|x64.ActiveCfg = Debug|Any CPU
		{DFA3E48C-D6AD-403C-8948-E74A3E454823}.Debug|x64.Build.0 = Debug|Any CPU
		{DFA3E48C-D6AD-403C-8948-E74A3E454823}.Debug|x86.ActiveCfg = Debug|Any CPU
		{DFA3E48C-D6AD-403C-8948-E74A3E454823}.Debug|x86.Build.0 = Debug|Any CPU
		{DFA3E48C-D6AD-403C-8948-E74A3E454823}.Release|Any CPU.ActiveCfg = Release|Any CPU
		{DFA3E48C-D6AD-403C-8948-E74A3E454823}.Release|Any CPU.Build.0 = Release|Any CPU
		{DFA3E48C-D6AD-403C-8948-E74A3E454823}.Release|x64.ActiveCfg = Release|Any CPU
		{DFA3E48C-D6AD-403C-8948-E74A3E454823}.Release|x64.Build.0 = Release|Any CPU
		{DFA3E48C-D6AD-403C-8948-E74A3E454823}.Release|x86.ActiveCfg = Release|Any CPU
		{DFA3E48C-D6AD-403C-8948-E74A3E454823}.Release|x86.Build.0 = Release|Any CPU
		{EC66E484-64A8-435F-81E3-613F0F71DC97}.Debug|Any CPU.ActiveCfg = Debug|Any CPU
		{EC66E484-64A8-435F-81E3-613F0F71DC97}.Debug|Any CPU.Build.0 = Debug|Any CPU
		{EC66E484-64A8-435F-81E3-613F0F71DC97}.Debug|x64.ActiveCfg = Debug|Any CPU
		{EC66E484-64A8-435F-81E3-613F0F71DC97}.Debug|x64.Build.0 = Debug|Any CPU
		{EC66E484-64A8-435F-81E3-613F0F71DC97}.Debug|x86.ActiveCfg = Debug|Any CPU
		{EC66E484-64A8-435F-81E3-613F0F71DC97}.Debug|x86.Build.0 = Debug|Any CPU
		{EC66E484-64A8-435F-81E3-613F0F71DC97}.Release|Any CPU.ActiveCfg = Release|Any CPU
		{EC66E484-64A8-435F-81E3-613F0F71DC97}.Release|Any CPU.Build.0 = Release|Any CPU
		{EC66E484-64A8-435F-81E3-613F0F71DC97}.Release|x64.ActiveCfg = Release|Any CPU
		{EC66E484-64A8-435F-81E3-613F0F71DC97}.Release|x64.Build.0 = Release|Any CPU
		{EC66E484-64A8-435F-81E3-613F0F71DC97}.Release|x86.ActiveCfg = Release|Any CPU
		{EC66E484-64A8-435F-81E3-613F0F71DC97}.Release|x86.Build.0 = Release|Any CPU
		{C56D36F8-B91D-4CDF-9F76-0FB4A06D3C81}.Debug|Any CPU.ActiveCfg = Debug|Any CPU
		{C56D36F8-B91D-4CDF-9F76-0FB4A06D3C81}.Debug|Any CPU.Build.0 = Debug|Any CPU
		{C56D36F8-B91D-4CDF-9F76-0FB4A06D3C81}.Debug|x64.ActiveCfg = Debug|Any CPU
		{C56D36F8-B91D-4CDF-9F76-0FB4A06D3C81}.Debug|x64.Build.0 = Debug|Any CPU
		{C56D36F8-B91D-4CDF-9F76-0FB4A06D3C81}.Debug|x86.ActiveCfg = Debug|Any CPU
		{C56D36F8-B91D-4CDF-9F76-0FB4A06D3C81}.Debug|x86.Build.0 = Debug|Any CPU
		{C56D36F8-B91D-4CDF-9F76-0FB4A06D3C81}.Release|Any CPU.ActiveCfg = Release|Any CPU
		{C56D36F8-B91D-4CDF-9F76-0FB4A06D3C81}.Release|Any CPU.Build.0 = Release|Any CPU
		{C56D36F8-B91D-4CDF-9F76-0FB4A06D3C81}.Release|x64.ActiveCfg = Release|Any CPU
		{C56D36F8-B91D-4CDF-9F76-0FB4A06D3C81}.Release|x64.Build.0 = Release|Any CPU
		{C56D36F8-B91D-4CDF-9F76-0FB4A06D3C81}.Release|x86.ActiveCfg = Release|Any CPU
		{C56D36F8-B91D-4CDF-9F76-0FB4A06D3C81}.Release|x86.Build.0 = Release|Any CPU
		{7962A2F1-099E-460C-BCBA-048030CDECB7}.Debug|Any CPU.ActiveCfg = Debug|Any CPU
		{7962A2F1-099E-460C-BCBA-048030CDECB7}.Debug|Any CPU.Build.0 = Debug|Any CPU
		{7962A2F1-099E-460C-BCBA-048030CDECB7}.Debug|x64.ActiveCfg = Debug|Any CPU
		{7962A2F1-099E-460C-BCBA-048030CDECB7}.Debug|x64.Build.0 = Debug|Any CPU
		{7962A2F1-099E-460C-BCBA-048030CDECB7}.Debug|x86.ActiveCfg = Debug|Any CPU
		{7962A2F1-099E-460C-BCBA-048030CDECB7}.Debug|x86.Build.0 = Debug|Any CPU
		{7962A2F1-099E-460C-BCBA-048030CDECB7}.Release|Any CPU.ActiveCfg = Release|Any CPU
		{7962A2F1-099E-460C-BCBA-048030CDECB7}.Release|Any CPU.Build.0 = Release|Any CPU
		{7962A2F1-099E-460C-BCBA-048030CDECB7}.Release|x64.ActiveCfg = Release|Any CPU
		{7962A2F1-099E-460C-BCBA-048030CDECB7}.Release|x64.Build.0 = Release|Any CPU
		{7962A2F1-099E-460C-BCBA-048030CDECB7}.Release|x86.ActiveCfg = Release|Any CPU
		{7962A2F1-099E-460C-BCBA-048030CDECB7}.Release|x86.Build.0 = Release|Any CPU
		{BA5E3B90-5EB6-4E9C-9A46-5A7CF679109C}.Debug|Any CPU.ActiveCfg = Debug|Any CPU
		{BA5E3B90-5EB6-4E9C-9A46-5A7CF679109C}.Debug|Any CPU.Build.0 = Debug|Any CPU
		{BA5E3B90-5EB6-4E9C-9A46-5A7CF679109C}.Debug|x64.ActiveCfg = Debug|Any CPU
		{BA5E3B90-5EB6-4E9C-9A46-5A7CF679109C}.Debug|x64.Build.0 = Debug|Any CPU
		{BA5E3B90-5EB6-4E9C-9A46-5A7CF679109C}.Debug|x86.ActiveCfg = Debug|Any CPU
		{BA5E3B90-5EB6-4E9C-9A46-5A7CF679109C}.Debug|x86.Build.0 = Debug|Any CPU
		{BA5E3B90-5EB6-4E9C-9A46-5A7CF679109C}.Release|Any CPU.ActiveCfg = Release|Any CPU
		{BA5E3B90-5EB6-4E9C-9A46-5A7CF679109C}.Release|Any CPU.Build.0 = Release|Any CPU
		{BA5E3B90-5EB6-4E9C-9A46-5A7CF679109C}.Release|x64.ActiveCfg = Release|Any CPU
		{BA5E3B90-5EB6-4E9C-9A46-5A7CF679109C}.Release|x64.Build.0 = Release|Any CPU
		{BA5E3B90-5EB6-4E9C-9A46-5A7CF679109C}.Release|x86.ActiveCfg = Release|Any CPU
		{BA5E3B90-5EB6-4E9C-9A46-5A7CF679109C}.Release|x86.Build.0 = Release|Any CPU
		{43DEA6AA-A842-4665-9E8E-BE4E3D29387C}.Debug|Any CPU.ActiveCfg = Debug|Any CPU
		{43DEA6AA-A842-4665-9E8E-BE4E3D29387C}.Debug|Any CPU.Build.0 = Debug|Any CPU
		{43DEA6AA-A842-4665-9E8E-BE4E3D29387C}.Debug|x64.ActiveCfg = Debug|Any CPU
		{43DEA6AA-A842-4665-9E8E-BE4E3D29387C}.Debug|x64.Build.0 = Debug|Any CPU
		{43DEA6AA-A842-4665-9E8E-BE4E3D29387C}.Debug|x86.ActiveCfg = Debug|Any CPU
		{43DEA6AA-A842-4665-9E8E-BE4E3D29387C}.Debug|x86.Build.0 = Debug|Any CPU
		{43DEA6AA-A842-4665-9E8E-BE4E3D29387C}.Release|Any CPU.ActiveCfg = Release|Any CPU
		{43DEA6AA-A842-4665-9E8E-BE4E3D29387C}.Release|Any CPU.Build.0 = Release|Any CPU
		{43DEA6AA-A842-4665-9E8E-BE4E3D29387C}.Release|x64.ActiveCfg = Release|Any CPU
		{43DEA6AA-A842-4665-9E8E-BE4E3D29387C}.Release|x64.Build.0 = Release|Any CPU
		{43DEA6AA-A842-4665-9E8E-BE4E3D29387C}.Release|x86.ActiveCfg = Release|Any CPU
		{43DEA6AA-A842-4665-9E8E-BE4E3D29387C}.Release|x86.Build.0 = Release|Any CPU
		{5DD3D572-E557-47D0-ACF9-626A7FC13809}.Debug|Any CPU.ActiveCfg = Debug|Any CPU
		{5DD3D572-E557-47D0-ACF9-626A7FC13809}.Debug|Any CPU.Build.0 = Debug|Any CPU
		{5DD3D572-E557-47D0-ACF9-626A7FC13809}.Debug|x64.ActiveCfg = Debug|Any CPU
		{5DD3D572-E557-47D0-ACF9-626A7FC13809}.Debug|x64.Build.0 = Debug|Any CPU
		{5DD3D572-E557-47D0-ACF9-626A7FC13809}.Debug|x86.ActiveCfg = Debug|Any CPU
		{5DD3D572-E557-47D0-ACF9-626A7FC13809}.Debug|x86.Build.0 = Debug|Any CPU
		{5DD3D572-E557-47D0-ACF9-626A7FC13809}.Release|Any CPU.ActiveCfg = Release|Any CPU
		{5DD3D572-E557-47D0-ACF9-626A7FC13809}.Release|Any CPU.Build.0 = Release|Any CPU
		{5DD3D572-E557-47D0-ACF9-626A7FC13809}.Release|x64.ActiveCfg = Release|Any CPU
		{5DD3D572-E557-47D0-ACF9-626A7FC13809}.Release|x64.Build.0 = Release|Any CPU
		{5DD3D572-E557-47D0-ACF9-626A7FC13809}.Release|x86.ActiveCfg = Release|Any CPU
		{5DD3D572-E557-47D0-ACF9-626A7FC13809}.Release|x86.Build.0 = Release|Any CPU
		{2B63F4A5-577F-4A21-B893-D4C27612B2C1}.Debug|Any CPU.ActiveCfg = Debug|Any CPU
		{2B63F4A5-577F-4A21-B893-D4C27612B2C1}.Debug|Any CPU.Build.0 = Debug|Any CPU
		{2B63F4A5-577F-4A21-B893-D4C27612B2C1}.Debug|x64.ActiveCfg = Debug|Any CPU
		{2B63F4A5-577F-4A21-B893-D4C27612B2C1}.Debug|x64.Build.0 = Debug|Any CPU
		{2B63F4A5-577F-4A21-B893-D4C27612B2C1}.Debug|x86.ActiveCfg = Debug|Any CPU
		{2B63F4A5-577F-4A21-B893-D4C27612B2C1}.Debug|x86.Build.0 = Debug|Any CPU
		{2B63F4A5-577F-4A21-B893-D4C27612B2C1}.Release|Any CPU.ActiveCfg = Release|Any CPU
		{2B63F4A5-577F-4A21-B893-D4C27612B2C1}.Release|Any CPU.Build.0 = Release|Any CPU
		{2B63F4A5-577F-4A21-B893-D4C27612B2C1}.Release|x64.ActiveCfg = Release|Any CPU
		{2B63F4A5-577F-4A21-B893-D4C27612B2C1}.Release|x64.Build.0 = Release|Any CPU
		{2B63F4A5-577F-4A21-B893-D4C27612B2C1}.Release|x86.ActiveCfg = Release|Any CPU
		{2B63F4A5-577F-4A21-B893-D4C27612B2C1}.Release|x86.Build.0 = Release|Any CPU
		{90E7EFD9-E790-466B-9F79-54E7B169C14A}.Debug|Any CPU.ActiveCfg = Debug|Any CPU
		{90E7EFD9-E790-466B-9F79-54E7B169C14A}.Debug|Any CPU.Build.0 = Debug|Any CPU
		{90E7EFD9-E790-466B-9F79-54E7B169C14A}.Debug|x64.ActiveCfg = Debug|Any CPU
		{90E7EFD9-E790-466B-9F79-54E7B169C14A}.Debug|x64.Build.0 = Debug|Any CPU
		{90E7EFD9-E790-466B-9F79-54E7B169C14A}.Debug|x86.ActiveCfg = Debug|Any CPU
		{90E7EFD9-E790-466B-9F79-54E7B169C14A}.Debug|x86.Build.0 = Debug|Any CPU
		{90E7EFD9-E790-466B-9F79-54E7B169C14A}.Release|Any CPU.ActiveCfg = Release|Any CPU
		{90E7EFD9-E790-466B-9F79-54E7B169C14A}.Release|Any CPU.Build.0 = Release|Any CPU
		{90E7EFD9-E790-466B-9F79-54E7B169C14A}.Release|x64.ActiveCfg = Release|Any CPU
		{90E7EFD9-E790-466B-9F79-54E7B169C14A}.Release|x64.Build.0 = Release|Any CPU
		{90E7EFD9-E790-466B-9F79-54E7B169C14A}.Release|x86.ActiveCfg = Release|Any CPU
		{90E7EFD9-E790-466B-9F79-54E7B169C14A}.Release|x86.Build.0 = Release|Any CPU
		{8250B19D-80D5-4E73-8C66-5B076B290D09}.Debug|Any CPU.ActiveCfg = Debug|Any CPU
		{8250B19D-80D5-4E73-8C66-5B076B290D09}.Debug|Any CPU.Build.0 = Debug|Any CPU
		{8250B19D-80D5-4E73-8C66-5B076B290D09}.Debug|x64.ActiveCfg = Debug|Any CPU
		{8250B19D-80D5-4E73-8C66-5B076B290D09}.Debug|x64.Build.0 = Debug|Any CPU
		{8250B19D-80D5-4E73-8C66-5B076B290D09}.Debug|x86.ActiveCfg = Debug|Any CPU
		{8250B19D-80D5-4E73-8C66-5B076B290D09}.Debug|x86.Build.0 = Debug|Any CPU
		{8250B19D-80D5-4E73-8C66-5B076B290D09}.Release|Any CPU.ActiveCfg = Release|Any CPU
		{8250B19D-80D5-4E73-8C66-5B076B290D09}.Release|Any CPU.Build.0 = Release|Any CPU
		{8250B19D-80D5-4E73-8C66-5B076B290D09}.Release|x64.ActiveCfg = Release|Any CPU
		{8250B19D-80D5-4E73-8C66-5B076B290D09}.Release|x64.Build.0 = Release|Any CPU
		{8250B19D-80D5-4E73-8C66-5B076B290D09}.Release|x86.ActiveCfg = Release|Any CPU
		{8250B19D-80D5-4E73-8C66-5B076B290D09}.Release|x86.Build.0 = Release|Any CPU
		{18DB7905-464C-4B19-9DA9-27D6668F0B10}.Debug|Any CPU.ActiveCfg = Debug|Any CPU
		{18DB7905-464C-4B19-9DA9-27D6668F0B10}.Debug|Any CPU.Build.0 = Debug|Any CPU
		{18DB7905-464C-4B19-9DA9-27D6668F0B10}.Debug|x64.ActiveCfg = Debug|Any CPU
		{18DB7905-464C-4B19-9DA9-27D6668F0B10}.Debug|x64.Build.0 = Debug|Any CPU
		{18DB7905-464C-4B19-9DA9-27D6668F0B10}.Debug|x86.ActiveCfg = Debug|Any CPU
		{18DB7905-464C-4B19-9DA9-27D6668F0B10}.Debug|x86.Build.0 = Debug|Any CPU
		{18DB7905-464C-4B19-9DA9-27D6668F0B10}.Release|Any CPU.ActiveCfg = Release|Any CPU
		{18DB7905-464C-4B19-9DA9-27D6668F0B10}.Release|Any CPU.Build.0 = Release|Any CPU
		{18DB7905-464C-4B19-9DA9-27D6668F0B10}.Release|x64.ActiveCfg = Release|Any CPU
		{18DB7905-464C-4B19-9DA9-27D6668F0B10}.Release|x64.Build.0 = Release|Any CPU
		{18DB7905-464C-4B19-9DA9-27D6668F0B10}.Release|x86.ActiveCfg = Release|Any CPU
		{18DB7905-464C-4B19-9DA9-27D6668F0B10}.Release|x86.Build.0 = Release|Any CPU
		{5BEAF10A-6F52-417B-834A-C84839491E71}.Debug|Any CPU.ActiveCfg = Debug|Any CPU
		{5BEAF10A-6F52-417B-834A-C84839491E71}.Debug|Any CPU.Build.0 = Debug|Any CPU
		{5BEAF10A-6F52-417B-834A-C84839491E71}.Debug|x64.ActiveCfg = Debug|Any CPU
		{5BEAF10A-6F52-417B-834A-C84839491E71}.Debug|x64.Build.0 = Debug|Any CPU
		{5BEAF10A-6F52-417B-834A-C84839491E71}.Debug|x86.ActiveCfg = Debug|Any CPU
		{5BEAF10A-6F52-417B-834A-C84839491E71}.Debug|x86.Build.0 = Debug|Any CPU
		{5BEAF10A-6F52-417B-834A-C84839491E71}.Release|Any CPU.ActiveCfg = Release|Any CPU
		{5BEAF10A-6F52-417B-834A-C84839491E71}.Release|Any CPU.Build.0 = Release|Any CPU
		{5BEAF10A-6F52-417B-834A-C84839491E71}.Release|x64.ActiveCfg = Release|Any CPU
		{5BEAF10A-6F52-417B-834A-C84839491E71}.Release|x64.Build.0 = Release|Any CPU
		{5BEAF10A-6F52-417B-834A-C84839491E71}.Release|x86.ActiveCfg = Release|Any CPU
		{5BEAF10A-6F52-417B-834A-C84839491E71}.Release|x86.Build.0 = Release|Any CPU
		{E4213ADC-41F4-42F8-8DC6-5DDF3B40F433}.Debug|Any CPU.ActiveCfg = Debug|Any CPU
		{E4213ADC-41F4-42F8-8DC6-5DDF3B40F433}.Debug|Any CPU.Build.0 = Debug|Any CPU
		{E4213ADC-41F4-42F8-8DC6-5DDF3B40F433}.Debug|x64.ActiveCfg = Debug|Any CPU
		{E4213ADC-41F4-42F8-8DC6-5DDF3B40F433}.Debug|x64.Build.0 = Debug|Any CPU
		{E4213ADC-41F4-42F8-8DC6-5DDF3B40F433}.Debug|x86.ActiveCfg = Debug|Any CPU
		{E4213ADC-41F4-42F8-8DC6-5DDF3B40F433}.Debug|x86.Build.0 = Debug|Any CPU
		{E4213ADC-41F4-42F8-8DC6-5DDF3B40F433}.Release|Any CPU.ActiveCfg = Release|Any CPU
		{E4213ADC-41F4-42F8-8DC6-5DDF3B40F433}.Release|Any CPU.Build.0 = Release|Any CPU
		{E4213ADC-41F4-42F8-8DC6-5DDF3B40F433}.Release|x64.ActiveCfg = Release|Any CPU
		{E4213ADC-41F4-42F8-8DC6-5DDF3B40F433}.Release|x64.Build.0 = Release|Any CPU
		{E4213ADC-41F4-42F8-8DC6-5DDF3B40F433}.Release|x86.ActiveCfg = Release|Any CPU
		{E4213ADC-41F4-42F8-8DC6-5DDF3B40F433}.Release|x86.Build.0 = Release|Any CPU
		{F443DB2B-3813-4F82-9432-4F3CAC7121BF}.Debug|Any CPU.ActiveCfg = Debug|Any CPU
		{F443DB2B-3813-4F82-9432-4F3CAC7121BF}.Debug|Any CPU.Build.0 = Debug|Any CPU
		{F443DB2B-3813-4F82-9432-4F3CAC7121BF}.Debug|x64.ActiveCfg = Debug|Any CPU
		{F443DB2B-3813-4F82-9432-4F3CAC7121BF}.Debug|x64.Build.0 = Debug|Any CPU
		{F443DB2B-3813-4F82-9432-4F3CAC7121BF}.Debug|x86.ActiveCfg = Debug|Any CPU
		{F443DB2B-3813-4F82-9432-4F3CAC7121BF}.Debug|x86.Build.0 = Debug|Any CPU
		{F443DB2B-3813-4F82-9432-4F3CAC7121BF}.Release|Any CPU.ActiveCfg = Release|Any CPU
		{F443DB2B-3813-4F82-9432-4F3CAC7121BF}.Release|Any CPU.Build.0 = Release|Any CPU
		{F443DB2B-3813-4F82-9432-4F3CAC7121BF}.Release|x64.ActiveCfg = Release|Any CPU
		{F443DB2B-3813-4F82-9432-4F3CAC7121BF}.Release|x64.Build.0 = Release|Any CPU
		{F443DB2B-3813-4F82-9432-4F3CAC7121BF}.Release|x86.ActiveCfg = Release|Any CPU
		{F443DB2B-3813-4F82-9432-4F3CAC7121BF}.Release|x86.Build.0 = Release|Any CPU
		{DD472075-7B1D-4A0A-BC4E-ADD48A4EEF22}.Debug|Any CPU.ActiveCfg = Debug|Any CPU
		{DD472075-7B1D-4A0A-BC4E-ADD48A4EEF22}.Debug|Any CPU.Build.0 = Debug|Any CPU
		{DD472075-7B1D-4A0A-BC4E-ADD48A4EEF22}.Debug|x64.ActiveCfg = Debug|Any CPU
		{DD472075-7B1D-4A0A-BC4E-ADD48A4EEF22}.Debug|x64.Build.0 = Debug|Any CPU
		{DD472075-7B1D-4A0A-BC4E-ADD48A4EEF22}.Debug|x86.ActiveCfg = Debug|Any CPU
		{DD472075-7B1D-4A0A-BC4E-ADD48A4EEF22}.Debug|x86.Build.0 = Debug|Any CPU
		{DD472075-7B1D-4A0A-BC4E-ADD48A4EEF22}.Release|Any CPU.ActiveCfg = Release|Any CPU
		{DD472075-7B1D-4A0A-BC4E-ADD48A4EEF22}.Release|Any CPU.Build.0 = Release|Any CPU
		{DD472075-7B1D-4A0A-BC4E-ADD48A4EEF22}.Release|x64.ActiveCfg = Release|Any CPU
		{DD472075-7B1D-4A0A-BC4E-ADD48A4EEF22}.Release|x64.Build.0 = Release|Any CPU
		{DD472075-7B1D-4A0A-BC4E-ADD48A4EEF22}.Release|x86.ActiveCfg = Release|Any CPU
		{DD472075-7B1D-4A0A-BC4E-ADD48A4EEF22}.Release|x86.Build.0 = Release|Any CPU
		{6059EF5F-4288-40D0-BB43-CD137D7CDE20}.Debug|Any CPU.ActiveCfg = Debug|Any CPU
		{6059EF5F-4288-40D0-BB43-CD137D7CDE20}.Debug|Any CPU.Build.0 = Debug|Any CPU
		{6059EF5F-4288-40D0-BB43-CD137D7CDE20}.Debug|x64.ActiveCfg = Debug|Any CPU
		{6059EF5F-4288-40D0-BB43-CD137D7CDE20}.Debug|x64.Build.0 = Debug|Any CPU
		{6059EF5F-4288-40D0-BB43-CD137D7CDE20}.Debug|x86.ActiveCfg = Debug|Any CPU
		{6059EF5F-4288-40D0-BB43-CD137D7CDE20}.Debug|x86.Build.0 = Debug|Any CPU
		{6059EF5F-4288-40D0-BB43-CD137D7CDE20}.Release|Any CPU.ActiveCfg = Release|Any CPU
		{6059EF5F-4288-40D0-BB43-CD137D7CDE20}.Release|Any CPU.Build.0 = Release|Any CPU
		{6059EF5F-4288-40D0-BB43-CD137D7CDE20}.Release|x64.ActiveCfg = Release|Any CPU
		{6059EF5F-4288-40D0-BB43-CD137D7CDE20}.Release|x64.Build.0 = Release|Any CPU
		{6059EF5F-4288-40D0-BB43-CD137D7CDE20}.Release|x86.ActiveCfg = Release|Any CPU
		{6059EF5F-4288-40D0-BB43-CD137D7CDE20}.Release|x86.Build.0 = Release|Any CPU
		{A3063808-AEDE-4725-AF5D-185FB112FC73}.Debug|Any CPU.ActiveCfg = Debug|Any CPU
		{A3063808-AEDE-4725-AF5D-185FB112FC73}.Debug|Any CPU.Build.0 = Debug|Any CPU
		{A3063808-AEDE-4725-AF5D-185FB112FC73}.Debug|x64.ActiveCfg = Debug|Any CPU
		{A3063808-AEDE-4725-AF5D-185FB112FC73}.Debug|x64.Build.0 = Debug|Any CPU
		{A3063808-AEDE-4725-AF5D-185FB112FC73}.Debug|x86.ActiveCfg = Debug|Any CPU
		{A3063808-AEDE-4725-AF5D-185FB112FC73}.Debug|x86.Build.0 = Debug|Any CPU
		{A3063808-AEDE-4725-AF5D-185FB112FC73}.Release|Any CPU.ActiveCfg = Release|Any CPU
		{A3063808-AEDE-4725-AF5D-185FB112FC73}.Release|Any CPU.Build.0 = Release|Any CPU
		{A3063808-AEDE-4725-AF5D-185FB112FC73}.Release|x64.ActiveCfg = Release|Any CPU
		{A3063808-AEDE-4725-AF5D-185FB112FC73}.Release|x64.Build.0 = Release|Any CPU
		{A3063808-AEDE-4725-AF5D-185FB112FC73}.Release|x86.ActiveCfg = Release|Any CPU
		{A3063808-AEDE-4725-AF5D-185FB112FC73}.Release|x86.Build.0 = Release|Any CPU
		{350E6D20-73FE-4D2A-984A-6529133A79A4}.Debug|Any CPU.ActiveCfg = Debug|Any CPU
		{350E6D20-73FE-4D2A-984A-6529133A79A4}.Debug|Any CPU.Build.0 = Debug|Any CPU
		{350E6D20-73FE-4D2A-984A-6529133A79A4}.Debug|x64.ActiveCfg = Debug|Any CPU
		{350E6D20-73FE-4D2A-984A-6529133A79A4}.Debug|x64.Build.0 = Debug|Any CPU
		{350E6D20-73FE-4D2A-984A-6529133A79A4}.Debug|x86.ActiveCfg = Debug|Any CPU
		{350E6D20-73FE-4D2A-984A-6529133A79A4}.Debug|x86.Build.0 = Debug|Any CPU
		{350E6D20-73FE-4D2A-984A-6529133A79A4}.Release|Any CPU.ActiveCfg = Release|Any CPU
		{350E6D20-73FE-4D2A-984A-6529133A79A4}.Release|Any CPU.Build.0 = Release|Any CPU
		{350E6D20-73FE-4D2A-984A-6529133A79A4}.Release|x64.ActiveCfg = Release|Any CPU
		{350E6D20-73FE-4D2A-984A-6529133A79A4}.Release|x64.Build.0 = Release|Any CPU
		{350E6D20-73FE-4D2A-984A-6529133A79A4}.Release|x86.ActiveCfg = Release|Any CPU
		{350E6D20-73FE-4D2A-984A-6529133A79A4}.Release|x86.Build.0 = Release|Any CPU
		{FF568DC6-B040-401E-AB04-24225AFEAA8C}.Debug|Any CPU.ActiveCfg = Debug|Any CPU
		{FF568DC6-B040-401E-AB04-24225AFEAA8C}.Debug|Any CPU.Build.0 = Debug|Any CPU
		{FF568DC6-B040-401E-AB04-24225AFEAA8C}.Debug|x64.ActiveCfg = Debug|Any CPU
		{FF568DC6-B040-401E-AB04-24225AFEAA8C}.Debug|x64.Build.0 = Debug|Any CPU
		{FF568DC6-B040-401E-AB04-24225AFEAA8C}.Debug|x86.ActiveCfg = Debug|Any CPU
		{FF568DC6-B040-401E-AB04-24225AFEAA8C}.Debug|x86.Build.0 = Debug|Any CPU
		{FF568DC6-B040-401E-AB04-24225AFEAA8C}.Release|Any CPU.ActiveCfg = Release|Any CPU
		{FF568DC6-B040-401E-AB04-24225AFEAA8C}.Release|Any CPU.Build.0 = Release|Any CPU
		{FF568DC6-B040-401E-AB04-24225AFEAA8C}.Release|x64.ActiveCfg = Release|Any CPU
		{FF568DC6-B040-401E-AB04-24225AFEAA8C}.Release|x64.Build.0 = Release|Any CPU
		{FF568DC6-B040-401E-AB04-24225AFEAA8C}.Release|x86.ActiveCfg = Release|Any CPU
		{FF568DC6-B040-401E-AB04-24225AFEAA8C}.Release|x86.Build.0 = Release|Any CPU
		{A2B4FDF9-B536-409E-B700-0D2D17128789}.Debug|Any CPU.ActiveCfg = Debug|Any CPU
		{A2B4FDF9-B536-409E-B700-0D2D17128789}.Debug|Any CPU.Build.0 = Debug|Any CPU
		{A2B4FDF9-B536-409E-B700-0D2D17128789}.Debug|x64.ActiveCfg = Debug|Any CPU
		{A2B4FDF9-B536-409E-B700-0D2D17128789}.Debug|x64.Build.0 = Debug|Any CPU
		{A2B4FDF9-B536-409E-B700-0D2D17128789}.Debug|x86.ActiveCfg = Debug|Any CPU
		{A2B4FDF9-B536-409E-B700-0D2D17128789}.Debug|x86.Build.0 = Debug|Any CPU
		{A2B4FDF9-B536-409E-B700-0D2D17128789}.Release|Any CPU.ActiveCfg = Release|Any CPU
		{A2B4FDF9-B536-409E-B700-0D2D17128789}.Release|Any CPU.Build.0 = Release|Any CPU
		{A2B4FDF9-B536-409E-B700-0D2D17128789}.Release|x64.ActiveCfg = Release|Any CPU
		{A2B4FDF9-B536-409E-B700-0D2D17128789}.Release|x64.Build.0 = Release|Any CPU
		{A2B4FDF9-B536-409E-B700-0D2D17128789}.Release|x86.ActiveCfg = Release|Any CPU
		{A2B4FDF9-B536-409E-B700-0D2D17128789}.Release|x86.Build.0 = Release|Any CPU
		{011DBA98-7A47-4511-8B80-33619999126D}.Debug|Any CPU.ActiveCfg = Debug|Any CPU
		{011DBA98-7A47-4511-8B80-33619999126D}.Debug|Any CPU.Build.0 = Debug|Any CPU
		{011DBA98-7A47-4511-8B80-33619999126D}.Debug|x64.ActiveCfg = Debug|Any CPU
		{011DBA98-7A47-4511-8B80-33619999126D}.Debug|x64.Build.0 = Debug|Any CPU
		{011DBA98-7A47-4511-8B80-33619999126D}.Debug|x86.ActiveCfg = Debug|Any CPU
		{011DBA98-7A47-4511-8B80-33619999126D}.Debug|x86.Build.0 = Debug|Any CPU
		{011DBA98-7A47-4511-8B80-33619999126D}.Release|Any CPU.ActiveCfg = Release|Any CPU
		{011DBA98-7A47-4511-8B80-33619999126D}.Release|Any CPU.Build.0 = Release|Any CPU
		{011DBA98-7A47-4511-8B80-33619999126D}.Release|x64.ActiveCfg = Release|Any CPU
		{011DBA98-7A47-4511-8B80-33619999126D}.Release|x64.Build.0 = Release|Any CPU
		{011DBA98-7A47-4511-8B80-33619999126D}.Release|x86.ActiveCfg = Release|Any CPU
		{011DBA98-7A47-4511-8B80-33619999126D}.Release|x86.Build.0 = Release|Any CPU
		{BA53280A-DC8E-49D0-8B11-EDDEB63FF0E4}.Debug|Any CPU.ActiveCfg = Debug|Any CPU
		{BA53280A-DC8E-49D0-8B11-EDDEB63FF0E4}.Debug|Any CPU.Build.0 = Debug|Any CPU
		{BA53280A-DC8E-49D0-8B11-EDDEB63FF0E4}.Debug|x64.ActiveCfg = Debug|Any CPU
		{BA53280A-DC8E-49D0-8B11-EDDEB63FF0E4}.Debug|x64.Build.0 = Debug|Any CPU
		{BA53280A-DC8E-49D0-8B11-EDDEB63FF0E4}.Debug|x86.ActiveCfg = Debug|Any CPU
		{BA53280A-DC8E-49D0-8B11-EDDEB63FF0E4}.Debug|x86.Build.0 = Debug|Any CPU
		{BA53280A-DC8E-49D0-8B11-EDDEB63FF0E4}.Release|Any CPU.ActiveCfg = Release|Any CPU
		{BA53280A-DC8E-49D0-8B11-EDDEB63FF0E4}.Release|Any CPU.Build.0 = Release|Any CPU
		{BA53280A-DC8E-49D0-8B11-EDDEB63FF0E4}.Release|x64.ActiveCfg = Release|Any CPU
		{BA53280A-DC8E-49D0-8B11-EDDEB63FF0E4}.Release|x64.Build.0 = Release|Any CPU
		{BA53280A-DC8E-49D0-8B11-EDDEB63FF0E4}.Release|x86.ActiveCfg = Release|Any CPU
		{BA53280A-DC8E-49D0-8B11-EDDEB63FF0E4}.Release|x86.Build.0 = Release|Any CPU
		{49F1C333-0783-4D5D-BB2A-2336D5F261DE}.Debug|Any CPU.ActiveCfg = Debug|Any CPU
		{49F1C333-0783-4D5D-BB2A-2336D5F261DE}.Debug|Any CPU.Build.0 = Debug|Any CPU
		{49F1C333-0783-4D5D-BB2A-2336D5F261DE}.Debug|x64.ActiveCfg = Debug|Any CPU
		{49F1C333-0783-4D5D-BB2A-2336D5F261DE}.Debug|x64.Build.0 = Debug|Any CPU
		{49F1C333-0783-4D5D-BB2A-2336D5F261DE}.Debug|x86.ActiveCfg = Debug|Any CPU
		{49F1C333-0783-4D5D-BB2A-2336D5F261DE}.Debug|x86.Build.0 = Debug|Any CPU
		{49F1C333-0783-4D5D-BB2A-2336D5F261DE}.Release|Any CPU.ActiveCfg = Release|Any CPU
		{49F1C333-0783-4D5D-BB2A-2336D5F261DE}.Release|Any CPU.Build.0 = Release|Any CPU
		{49F1C333-0783-4D5D-BB2A-2336D5F261DE}.Release|x64.ActiveCfg = Release|Any CPU
		{49F1C333-0783-4D5D-BB2A-2336D5F261DE}.Release|x64.Build.0 = Release|Any CPU
		{49F1C333-0783-4D5D-BB2A-2336D5F261DE}.Release|x86.ActiveCfg = Release|Any CPU
		{49F1C333-0783-4D5D-BB2A-2336D5F261DE}.Release|x86.Build.0 = Release|Any CPU
		{D25D77D3-E902-4195-9175-19E933DC9200}.Debug|Any CPU.ActiveCfg = Debug|Any CPU
		{D25D77D3-E902-4195-9175-19E933DC9200}.Debug|Any CPU.Build.0 = Debug|Any CPU
		{D25D77D3-E902-4195-9175-19E933DC9200}.Debug|x64.ActiveCfg = Debug|Any CPU
		{D25D77D3-E902-4195-9175-19E933DC9200}.Debug|x64.Build.0 = Debug|Any CPU
		{D25D77D3-E902-4195-9175-19E933DC9200}.Debug|x86.ActiveCfg = Debug|Any CPU
		{D25D77D3-E902-4195-9175-19E933DC9200}.Debug|x86.Build.0 = Debug|Any CPU
		{D25D77D3-E902-4195-9175-19E933DC9200}.Release|Any CPU.ActiveCfg = Release|Any CPU
		{D25D77D3-E902-4195-9175-19E933DC9200}.Release|Any CPU.Build.0 = Release|Any CPU
		{D25D77D3-E902-4195-9175-19E933DC9200}.Release|x64.ActiveCfg = Release|Any CPU
		{D25D77D3-E902-4195-9175-19E933DC9200}.Release|x64.Build.0 = Release|Any CPU
		{D25D77D3-E902-4195-9175-19E933DC9200}.Release|x86.ActiveCfg = Release|Any CPU
		{D25D77D3-E902-4195-9175-19E933DC9200}.Release|x86.Build.0 = Release|Any CPU
		{7C9C1986-D4C3-4752-923C-66F1A1BE41BE}.Debug|Any CPU.ActiveCfg = Debug|Any CPU
		{7C9C1986-D4C3-4752-923C-66F1A1BE41BE}.Debug|Any CPU.Build.0 = Debug|Any CPU
		{7C9C1986-D4C3-4752-923C-66F1A1BE41BE}.Debug|x64.ActiveCfg = Debug|Any CPU
		{7C9C1986-D4C3-4752-923C-66F1A1BE41BE}.Debug|x64.Build.0 = Debug|Any CPU
		{7C9C1986-D4C3-4752-923C-66F1A1BE41BE}.Debug|x86.ActiveCfg = Debug|Any CPU
		{7C9C1986-D4C3-4752-923C-66F1A1BE41BE}.Debug|x86.Build.0 = Debug|Any CPU
		{7C9C1986-D4C3-4752-923C-66F1A1BE41BE}.Release|Any CPU.ActiveCfg = Release|Any CPU
		{7C9C1986-D4C3-4752-923C-66F1A1BE41BE}.Release|Any CPU.Build.0 = Release|Any CPU
		{7C9C1986-D4C3-4752-923C-66F1A1BE41BE}.Release|x64.ActiveCfg = Release|Any CPU
		{7C9C1986-D4C3-4752-923C-66F1A1BE41BE}.Release|x64.Build.0 = Release|Any CPU
		{7C9C1986-D4C3-4752-923C-66F1A1BE41BE}.Release|x86.ActiveCfg = Release|Any CPU
		{7C9C1986-D4C3-4752-923C-66F1A1BE41BE}.Release|x86.Build.0 = Release|Any CPU
	EndGlobalSection
	GlobalSection(SolutionProperties) = preSolution
		HideSolutionNode = FALSE
	EndGlobalSection
	GlobalSection(ExtensibilityGlobals) = postSolution
		SolutionGuid = {768F1507-000C-40F4-9261-270316BFDB5D}
	EndGlobalSection
EndGlobal
